
Microsoft Visual Studio Solution File, Format Version 12.00
Project("{FAE04EC0-301F-11D3-BF4B-00C04F79EFBC}") = "day01", "day01\day01.csproj", "{DB456557-1E26-4E0F-B8AE-9C6B767D134E}"
EndProject
Project("{FAE04EC0-301F-11D3-BF4B-00C04F79EFBC}") = "day02", "day02\day02.csproj", "{12190FDD-7F1F-41BD-825D-F036056CC5F4}"
EndProject
Project("{FAE04EC0-301F-11D3-BF4B-00C04F79EFBC}") = "day03", "day03\day03.csproj", "{039F63F9-92E2-496C-9915-22A1E73618B2}"
EndProject
Project("{FAE04EC0-301F-11D3-BF4B-00C04F79EFBC}") = "day04", "day04\day04.csproj", "{39960905-BDEA-42C5-AD02-EFA38F454D96}"
EndProject
Global
	GlobalSection(SolutionConfigurationPlatforms) = preSolution
		Debug|Any CPU = Debug|Any CPU
		Release|Any CPU = Release|Any CPU
	EndGlobalSection
	GlobalSection(ProjectConfigurationPlatforms) = postSolution
		{DB456557-1E26-4E0F-B8AE-9C6B767D134E}.Debug|Any CPU.ActiveCfg = Debug|Any CPU
		{DB456557-1E26-4E0F-B8AE-9C6B767D134E}.Debug|Any CPU.Build.0 = Debug|Any CPU
		{DB456557-1E26-4E0F-B8AE-9C6B767D134E}.Release|Any CPU.ActiveCfg = Release|Any CPU
		{DB456557-1E26-4E0F-B8AE-9C6B767D134E}.Release|Any CPU.Build.0 = Release|Any CPU
		{12190FDD-7F1F-41BD-825D-F036056CC5F4}.Debug|Any CPU.ActiveCfg = Debug|Any CPU
		{12190FDD-7F1F-41BD-825D-F036056CC5F4}.Debug|Any CPU.Build.0 = Debug|Any CPU
		{12190FDD-7F1F-41BD-825D-F036056CC5F4}.Release|Any CPU.ActiveCfg = Release|Any CPU
		{12190FDD-7F1F-41BD-825D-F036056CC5F4}.Release|Any CPU.Build.0 = Release|Any CPU
		{039F63F9-92E2-496C-9915-22A1E73618B2}.Debug|Any CPU.ActiveCfg = Debug|Any CPU
		{039F63F9-92E2-496C-9915-22A1E73618B2}.Debug|Any CPU.Build.0 = Debug|Any CPU
		{039F63F9-92E2-496C-9915-22A1E73618B2}.Release|Any CPU.ActiveCfg = Release|Any CPU
		{039F63F9-92E2-496C-9915-22A1E73618B2}.Release|Any CPU.Build.0 = Release|Any CPU
		{39960905-BDEA-42C5-AD02-EFA38F454D96}.Debug|Any CPU.ActiveCfg = Debug|Any CPU
		{39960905-BDEA-42C5-AD02-EFA38F454D96}.Debug|Any CPU.Build.0 = Debug|Any CPU
		{39960905-BDEA-42C5-AD02-EFA38F454D96}.Release|Any CPU.ActiveCfg = Release|Any CPU
		{39960905-BDEA-42C5-AD02-EFA38F454D96}.Release|Any CPU.Build.0 = Release|Any CPU
	EndGlobalSection
EndGlobal
